// !$*UTF8*$!
{
	archiveVersion = 1;
	classes = {
	};
	objectVersion = 56;
	objects = {

/* Begin PBXBuildFile section */
		3B4A72702C3D4CE2003B17F5 /* GoogleGenerativeAI in Frameworks */ = {isa = PBXBuildFile; productRef = 3B4A726F2C3D4CE2003B17F5 /* GoogleGenerativeAI */; };
		3B4A72742C3D54A6003B17F5 /* RxCocoa in Frameworks */ = {isa = PBXBuildFile; productRef = 3B4A72732C3D54A6003B17F5 /* RxCocoa */; };
		3B4A72762C3D54A6003B17F5 /* RxSwift in Frameworks */ = {isa = PBXBuildFile; productRef = 3B4A72752C3D54A6003B17F5 /* RxSwift */; };
		3BBFE89B2C3D0DCF00193B70 /* AppDelegate.swift in Sources */ = {isa = PBXBuildFile; fileRef = 3BBFE89A2C3D0DCF00193B70 /* AppDelegate.swift */; };
		3BBFE89D2C3D0DCF00193B70 /* SceneDelegate.swift in Sources */ = {isa = PBXBuildFile; fileRef = 3BBFE89C2C3D0DCF00193B70 /* SceneDelegate.swift */; };
		3BBFE89F2C3D0DCF00193B70 /* ViewController.swift in Sources */ = {isa = PBXBuildFile; fileRef = 3BBFE89E2C3D0DCF00193B70 /* ViewController.swift */; };
		3BBFE8A42C3D0DD200193B70 /* Assets.xcassets in Resources */ = {isa = PBXBuildFile; fileRef = 3BBFE8A32C3D0DD200193B70 /* Assets.xcassets */; };
		3BBFE8A72C3D0DD200193B70 /* Base in Resources */ = {isa = PBXBuildFile; fileRef = 3BBFE8A62C3D0DD200193B70 /* Base */; };
/* End PBXBuildFile section */

/* Begin PBXFileReference section */
		3BBFE8972C3D0DCF00193B70 /* LuminaView.app */ = {isa = PBXFileReference; explicitFileType = wrapper.application; includeInIndex = 0; path = LuminaView.app; sourceTree = BUILT_PRODUCTS_DIR; };
		3BBFE89A2C3D0DCF00193B70 /* AppDelegate.swift */ = {isa = PBXFileReference; lastKnownFileType = sourcecode.swift; path = AppDelegate.swift; sourceTree = "<group>"; };
		3BBFE89C2C3D0DCF00193B70 /* SceneDelegate.swift */ = {isa = PBXFileReference; lastKnownFileType = sourcecode.swift; path = SceneDelegate.swift; sourceTree = "<group>"; };
		3BBFE89E2C3D0DCF00193B70 /* ViewController.swift */ = {isa = PBXFileReference; lastKnownFileType = sourcecode.swift; path = ViewController.swift; sourceTree = "<group>"; };
		3BBFE8A32C3D0DD200193B70 /* Assets.xcassets */ = {isa = PBXFileReference; lastKnownFileType = folder.assetcatalog; path = Assets.xcassets; sourceTree = "<group>"; };
		3BBFE8A62C3D0DD200193B70 /* Base */ = {isa = PBXFileReference; lastKnownFileType = file.storyboard; name = Base; path = Base.lproj/LaunchScreen.storyboard; sourceTree = "<group>"; };
		3BBFE8A82C3D0DD200193B70 /* Info.plist */ = {isa = PBXFileReference; lastKnownFileType = text.plist.xml; path = Info.plist; sourceTree = "<group>"; };
/* End PBXFileReference section */

/* Begin PBXFrameworksBuildPhase section */
		3BBFE8942C3D0DCF00193B70 /* Frameworks */ = {
			isa = PBXFrameworksBuildPhase;
			buildActionMask = 2147483647;
			files = (
				3B4A72762C3D54A6003B17F5 /* RxSwift in Frameworks */,
				3B4A72742C3D54A6003B17F5 /* RxCocoa in Frameworks */,
				3B4A72702C3D4CE2003B17F5 /* GoogleGenerativeAI in Frameworks */,
			);
			runOnlyForDeploymentPostprocessing = 0;
		};
/* End PBXFrameworksBuildPhase section */

/* Begin PBXGroup section */
		3BBFE88E2C3D0DCF00193B70 = {
			isa = PBXGroup;
			children = (
				3BBFE8992C3D0DCF00193B70 /* LuminaView */,
				3BBFE8982C3D0DCF00193B70 /* Products */,
			);
			sourceTree = "<group>";
		};
		3BBFE8982C3D0DCF00193B70 /* Products */ = {
			isa = PBXGroup;
			children = (
				3BBFE8972C3D0DCF00193B70 /* LuminaView.app */,
			);
			name = Products;
			sourceTree = "<group>";
		};
		3BBFE8992C3D0DCF00193B70 /* LuminaView */ = {
			isa = PBXGroup;
			children = (
				96586BEA2C3D1A82007039FB /* Resources */,
				96586BE52C3D1A37007039FB /* Data */,
				96586BE22C3D1A15007039FB /* Domain */,
				96586BDF2C3D19F8007039FB /* Presentation */,
				96586BDE2C3D19EB007039FB /* App */,
			);
			path = LuminaView;
			sourceTree = "<group>";
		};
		96586BDE2C3D19EB007039FB /* App */ = {
			isa = PBXGroup;
			children = (
				3BBFE89A2C3D0DCF00193B70 /* AppDelegate.swift */,
				3BBFE89C2C3D0DCF00193B70 /* SceneDelegate.swift */,
			);
			path = App;
			sourceTree = "<group>";
		};
		96586BDF2C3D19F8007039FB /* Presentation */ = {
			isa = PBXGroup;
			children = (
				96586BE12C3D1A0B007039FB /* ViewModels */,
				96586BE02C3D1A07007039FB /* Views */,
			);
			path = Presentation;
			sourceTree = "<group>";
		};
		96586BE02C3D1A07007039FB /* Views */ = {
			isa = PBXGroup;
			children = (
				3BBFE89E2C3D0DCF00193B70 /* ViewController.swift */,
			);
			path = Views;
			sourceTree = "<group>";
		};
		96586BE12C3D1A0B007039FB /* ViewModels */ = {
			isa = PBXGroup;
			children = (
			);
			path = ViewModels;
			sourceTree = "<group>";
		};
		96586BE22C3D1A15007039FB /* Domain */ = {
			isa = PBXGroup;
			children = (
				96586BE42C3D1A2B007039FB /* UseCase */,
				96586BE32C3D1A22007039FB /* Entities */,
			);
			path = Domain;
			sourceTree = "<group>";
		};
		96586BE32C3D1A22007039FB /* Entities */ = {
			isa = PBXGroup;
			children = (
			);
			path = Entities;
			sourceTree = "<group>";
		};
		96586BE42C3D1A2B007039FB /* UseCase */ = {
			isa = PBXGroup;
			children = (
			);
			path = UseCase;
			sourceTree = "<group>";
		};
		96586BE52C3D1A37007039FB /* Data */ = {
			isa = PBXGroup;
			children = (
				96586BE72C3D1A49007039FB /* DataSources */,
				96586BE62C3D1A3F007039FB /* Repositories */,
			);
			path = Data;
			sourceTree = "<group>";
		};
		96586BE62C3D1A3F007039FB /* Repositories */ = {
			isa = PBXGroup;
			children = (
			);
			path = Repositories;
			sourceTree = "<group>";
		};
		96586BE72C3D1A49007039FB /* DataSources */ = {
			isa = PBXGroup;
			children = (
				96586BE92C3D1A5F007039FB /* Local */,
				96586BE82C3D1A59007039FB /* Remote */,
			);
			path = DataSources;
			sourceTree = "<group>";
		};
		96586BE82C3D1A59007039FB /* Remote */ = {
			isa = PBXGroup;
			children = (
			);
			path = Remote;
			sourceTree = "<group>";
		};
		96586BE92C3D1A5F007039FB /* Local */ = {
			isa = PBXGroup;
			children = (
			);
			path = Local;
			sourceTree = "<group>";
		};
		96586BEA2C3D1A82007039FB /* Resources */ = {
			isa = PBXGroup;
			children = (
				3BBFE8A52C3D0DD200193B70 /* LaunchScreen.storyboard */,
				3BBFE8A32C3D0DD200193B70 /* Assets.xcassets */,
				3BBFE8A82C3D0DD200193B70 /* Info.plist */,
			);
			path = Resources;
			sourceTree = "<group>";
		};
/* End PBXGroup section */

/* Begin PBXNativeTarget section */
		3BBFE8962C3D0DCF00193B70 /* LuminaView */ = {
			isa = PBXNativeTarget;
			buildConfigurationList = 3BBFE8AB2C3D0DD200193B70 /* Build configuration list for PBXNativeTarget "LuminaView" */;
			buildPhases = (
				3BBFE8932C3D0DCF00193B70 /* Sources */,
				3BBFE8942C3D0DCF00193B70 /* Frameworks */,
				3BBFE8952C3D0DCF00193B70 /* Resources */,
			);
			buildRules = (
			);
			dependencies = (
			);
			name = LuminaView;
			packageProductDependencies = (
				3B4A726F2C3D4CE2003B17F5 /* GoogleGenerativeAI */,
				3B4A72732C3D54A6003B17F5 /* RxCocoa */,
				3B4A72752C3D54A6003B17F5 /* RxSwift */,
			);
			productName = LuminaView;
			productReference = 3BBFE8972C3D0DCF00193B70 /* LuminaView.app */;
			productType = "com.apple.product-type.application";
		};
/* End PBXNativeTarget section */

/* Begin PBXProject section */
		3BBFE88F2C3D0DCF00193B70 /* Project object */ = {
			isa = PBXProject;
			attributes = {
				BuildIndependentTargetsInParallel = 1;
				LastSwiftUpdateCheck = 1540;
				LastUpgradeCheck = 1540;
				TargetAttributes = {
					3BBFE8962C3D0DCF00193B70 = {
						CreatedOnToolsVersion = 15.4;
					};
				};
			};
			buildConfigurationList = 3BBFE8922C3D0DCF00193B70 /* Build configuration list for PBXProject "LuminaView" */;
			compatibilityVersion = "Xcode 14.0";
			developmentRegion = en;
			hasScannedForEncodings = 0;
			knownRegions = (
				en,
				Base,
			);
			mainGroup = 3BBFE88E2C3D0DCF00193B70;
			packageReferences = (
				3B4A726E2C3D4CE2003B17F5 /* XCRemoteSwiftPackageReference "generative-ai-swift" */,
				3B4A72722C3D54A6003B17F5 /* XCRemoteSwiftPackageReference "RxSwift" */,
			);
			productRefGroup = 3BBFE8982C3D0DCF00193B70 /* Products */;
			projectDirPath = "";
			projectRoot = "";
			targets = (
				3BBFE8962C3D0DCF00193B70 /* LuminaView */,
			);
		};
/* End PBXProject section */

/* Begin PBXResourcesBuildPhase section */
		3BBFE8952C3D0DCF00193B70 /* Resources */ = {
			isa = PBXResourcesBuildPhase;
			buildActionMask = 2147483647;
			files = (
				3BBFE8A42C3D0DD200193B70 /* Assets.xcassets in Resources */,
				3BBFE8A72C3D0DD200193B70 /* Base in Resources */,
			);
			runOnlyForDeploymentPostprocessing = 0;
		};
/* End PBXResourcesBuildPhase section */

/* Begin PBXSourcesBuildPhase section */
		3BBFE8932C3D0DCF00193B70 /* Sources */ = {
			isa = PBXSourcesBuildPhase;
			buildActionMask = 2147483647;
			files = (
				3BBFE89F2C3D0DCF00193B70 /* ViewController.swift in Sources */,
				3BBFE89B2C3D0DCF00193B70 /* AppDelegate.swift in Sources */,
				3BBFE89D2C3D0DCF00193B70 /* SceneDelegate.swift in Sources */,
			);
			runOnlyForDeploymentPostprocessing = 0;
		};
/* End PBXSourcesBuildPhase section */

/* Begin PBXVariantGroup section */
		3BBFE8A52C3D0DD200193B70 /* LaunchScreen.storyboard */ = {
			isa = PBXVariantGroup;
			children = (
				3BBFE8A62C3D0DD200193B70 /* Base */,
			);
			name = LaunchScreen.storyboard;
			sourceTree = "<group>";
		};
/* End PBXVariantGroup section */

/* Begin XCBuildConfiguration section */
		3BBFE8A92C3D0DD200193B70 /* Debug */ = {
			isa = XCBuildConfiguration;
			buildSettings = {
				ALWAYS_SEARCH_USER_PATHS = NO;
				ASSETCATALOG_COMPILER_GENERATE_SWIFT_ASSET_SYMBOL_EXTENSIONS = YES;
				CLANG_ANALYZER_NONNULL = YES;
				CLANG_ANALYZER_NUMBER_OBJECT_CONVERSION = YES_AGGRESSIVE;
				CLANG_CXX_LANGUAGE_STANDARD = "gnu++20";
				CLANG_ENABLE_MODULES = YES;
				CLANG_ENABLE_OBJC_ARC = YES;
				CLANG_ENABLE_OBJC_WEAK = YES;
				CLANG_WARN_BLOCK_CAPTURE_AUTORELEASING = YES;
				CLANG_WARN_BOOL_CONVERSION = YES;
				CLANG_WARN_COMMA = YES;
				CLANG_WARN_CONSTANT_CONVERSION = YES;
				CLANG_WARN_DEPRECATED_OBJC_IMPLEMENTATIONS = YES;
				CLANG_WARN_DIRECT_OBJC_ISA_USAGE = YES_ERROR;
				CLANG_WARN_DOCUMENTATION_COMMENTS = YES;
				CLANG_WARN_EMPTY_BODY = YES;
				CLANG_WARN_ENUM_CONVERSION = YES;
				CLANG_WARN_INFINITE_RECURSION = YES;
				CLANG_WARN_INT_CONVERSION = YES;
				CLANG_WARN_NON_LITERAL_NULL_CONVERSION = YES;
				CLANG_WARN_OBJC_IMPLICIT_RETAIN_SELF = YES;
				CLANG_WARN_OBJC_LITERAL_CONVERSION = YES;
				CLANG_WARN_OBJC_ROOT_CLASS = YES_ERROR;
				CLANG_WARN_QUOTED_INCLUDE_IN_FRAMEWORK_HEADER = YES;
				CLANG_WARN_RANGE_LOOP_ANALYSIS = YES;
				CLANG_WARN_STRICT_PROTOTYPES = YES;
				CLANG_WARN_SUSPICIOUS_MOVE = YES;
				CLANG_WARN_UNGUARDED_AVAILABILITY = YES_AGGRESSIVE;
				CLANG_WARN_UNREACHABLE_CODE = YES;
				CLANG_WARN__DUPLICATE_METHOD_MATCH = YES;
				COPY_PHASE_STRIP = NO;
				DEBUG_INFORMATION_FORMAT = dwarf;
				ENABLE_STRICT_OBJC_MSGSEND = YES;
				ENABLE_TESTABILITY = YES;
				ENABLE_USER_SCRIPT_SANDBOXING = YES;
				GCC_C_LANGUAGE_STANDARD = gnu17;
				GCC_DYNAMIC_NO_PIC = NO;
				GCC_NO_COMMON_BLOCKS = YES;
				GCC_OPTIMIZATION_LEVEL = 0;
				GCC_PREPROCESSOR_DEFINITIONS = (
					"DEBUG=1",
					"$(inherited)",
				);
				GCC_WARN_64_TO_32_BIT_CONVERSION = YES;
				GCC_WARN_ABOUT_RETURN_TYPE = YES_ERROR;
				GCC_WARN_UNDECLARED_SELECTOR = YES;
				GCC_WARN_UNINITIALIZED_AUTOS = YES_AGGRESSIVE;
				GCC_WARN_UNUSED_FUNCTION = YES;
				GCC_WARN_UNUSED_VARIABLE = YES;
				IPHONEOS_DEPLOYMENT_TARGET = 16.1;
				LOCALIZATION_PREFERS_STRING_CATALOGS = YES;
				MTL_ENABLE_DEBUG_INFO = INCLUDE_SOURCE;
				MTL_FAST_MATH = YES;
				ONLY_ACTIVE_ARCH = YES;
				SDKROOT = iphoneos;
				SWIFT_ACTIVE_COMPILATION_CONDITIONS = "DEBUG $(inherited)";
				SWIFT_OPTIMIZATION_LEVEL = "-Onone";
			};
			name = Debug;
		};
		3BBFE8AA2C3D0DD200193B70 /* Release */ = {
			isa = XCBuildConfiguration;
			buildSettings = {
				ALWAYS_SEARCH_USER_PATHS = NO;
				ASSETCATALOG_COMPILER_GENERATE_SWIFT_ASSET_SYMBOL_EXTENSIONS = YES;
				CLANG_ANALYZER_NONNULL = YES;
				CLANG_ANALYZER_NUMBER_OBJECT_CONVERSION = YES_AGGRESSIVE;
				CLANG_CXX_LANGUAGE_STANDARD = "gnu++20";
				CLANG_ENABLE_MODULES = YES;
				CLANG_ENABLE_OBJC_ARC = YES;
				CLANG_ENABLE_OBJC_WEAK = YES;
				CLANG_WARN_BLOCK_CAPTURE_AUTORELEASING = YES;
				CLANG_WARN_BOOL_CONVERSION = YES;
				CLANG_WARN_COMMA = YES;
				CLANG_WARN_CONSTANT_CONVERSION = YES;
				CLANG_WARN_DEPRECATED_OBJC_IMPLEMENTATIONS = YES;
				CLANG_WARN_DIRECT_OBJC_ISA_USAGE = YES_ERROR;
				CLANG_WARN_DOCUMENTATION_COMMENTS = YES;
				CLANG_WARN_EMPTY_BODY = YES;
				CLANG_WARN_ENUM_CONVERSION = YES;
				CLANG_WARN_INFINITE_RECURSION = YES;
				CLANG_WARN_INT_CONVERSION = YES;
				CLANG_WARN_NON_LITERAL_NULL_CONVERSION = YES;
				CLANG_WARN_OBJC_IMPLICIT_RETAIN_SELF = YES;
				CLANG_WARN_OBJC_LITERAL_CONVERSION = YES;
				CLANG_WARN_OBJC_ROOT_CLASS = YES_ERROR;
				CLANG_WARN_QUOTED_INCLUDE_IN_FRAMEWORK_HEADER = YES;
				CLANG_WARN_RANGE_LOOP_ANALYSIS = YES;
				CLANG_WARN_STRICT_PROTOTYPES = YES;
				CLANG_WARN_SUSPICIOUS_MOVE = YES;
				CLANG_WARN_UNGUARDED_AVAILABILITY = YES_AGGRESSIVE;
				CLANG_WARN_UNREACHABLE_CODE = YES;
				CLANG_WARN__DUPLICATE_METHOD_MATCH = YES;
				COPY_PHASE_STRIP = NO;
				DEBUG_INFORMATION_FORMAT = "dwarf-with-dsym";
				ENABLE_NS_ASSERTIONS = NO;
				ENABLE_STRICT_OBJC_MSGSEND = YES;
				ENABLE_USER_SCRIPT_SANDBOXING = YES;
				GCC_C_LANGUAGE_STANDARD = gnu17;
				GCC_NO_COMMON_BLOCKS = YES;
				GCC_WARN_64_TO_32_BIT_CONVERSION = YES;
				GCC_WARN_ABOUT_RETURN_TYPE = YES_ERROR;
				GCC_WARN_UNDECLARED_SELECTOR = YES;
				GCC_WARN_UNINITIALIZED_AUTOS = YES_AGGRESSIVE;
				GCC_WARN_UNUSED_FUNCTION = YES;
				GCC_WARN_UNUSED_VARIABLE = YES;
				IPHONEOS_DEPLOYMENT_TARGET = 16.1;
				LOCALIZATION_PREFERS_STRING_CATALOGS = YES;
				MTL_ENABLE_DEBUG_INFO = NO;
				MTL_FAST_MATH = YES;
				SDKROOT = iphoneos;
				SWIFT_COMPILATION_MODE = wholemodule;
				VALIDATE_PRODUCT = YES;
			};
			name = Release;
		};
		3BBFE8AC2C3D0DD200193B70 /* Debug */ = {
			isa = XCBuildConfiguration;
			buildSettings = {
				ASSETCATALOG_COMPILER_APPICON_NAME = AppIcon;
				ASSETCATALOG_COMPILER_GLOBAL_ACCENT_COLOR_NAME = AccentColor;
				CODE_SIGN_STYLE = Automatic;
				CURRENT_PROJECT_VERSION = 1;
				DEVELOPMENT_TEAM = M7F7863UPY;
				GENERATE_INFOPLIST_FILE = YES;
				INFOPLIST_FILE = LuminaView/Resources/Info.plist;
				INFOPLIST_KEY_UIApplicationSupportsIndirectInputEvents = YES;
				INFOPLIST_KEY_UILaunchStoryboardName = LaunchScreen;
				INFOPLIST_KEY_UISupportedInterfaceOrientations_iPad = "UIInterfaceOrientationPortrait UIInterfaceOrientationPortraitUpsideDown UIInterfaceOrientationLandscapeLeft UIInterfaceOrientationLandscapeRight";
				INFOPLIST_KEY_UISupportedInterfaceOrientations_iPhone = "UIInterfaceOrientationPortrait UIInterfaceOrientationLandscapeLeft UIInterfaceOrientationLandscapeRight";
				IPHONEOS_DEPLOYMENT_TARGET = 16.1;
				LD_RUNPATH_SEARCH_PATHS = (
					"$(inherited)",
					"@executable_path/Frameworks",
				);
				MARKETING_VERSION = 1.0;
				PRODUCT_BUNDLE_IDENTIFIER = com.jjunbbang.LuminaView;
				PRODUCT_NAME = "$(TARGET_NAME)";
				SUPPORTED_PLATFORMS = "iphoneos iphonesimulator";
				SUPPORTS_MACCATALYST = NO;
				SUPPORTS_MAC_DESIGNED_FOR_IPHONE_IPAD = NO;
				SUPPORTS_XR_DESIGNED_FOR_IPHONE_IPAD = NO;
				SWIFT_EMIT_LOC_STRINGS = YES;
				SWIFT_VERSION = 5.0;
				TARGETED_DEVICE_FAMILY = 1;
			};
			name = Debug;
		};
		3BBFE8AD2C3D0DD200193B70 /* Release */ = {
			isa = XCBuildConfiguration;
			buildSettings = {
				ASSETCATALOG_COMPILER_APPICON_NAME = AppIcon;
				ASSETCATALOG_COMPILER_GLOBAL_ACCENT_COLOR_NAME = AccentColor;
				CODE_SIGN_STYLE = Automatic;
				CURRENT_PROJECT_VERSION = 1;
				DEVELOPMENT_TEAM = M7F7863UPY;
				GENERATE_INFOPLIST_FILE = YES;
				INFOPLIST_FILE = LuminaView/Resources/Info.plist;
				INFOPLIST_KEY_UIApplicationSupportsIndirectInputEvents = YES;
				INFOPLIST_KEY_UILaunchStoryboardName = LaunchScreen;
				INFOPLIST_KEY_UISupportedInterfaceOrientations_iPad = "UIInterfaceOrientationPortrait UIInterfaceOrientationPortraitUpsideDown UIInterfaceOrientationLandscapeLeft UIInterfaceOrientationLandscapeRight";
				INFOPLIST_KEY_UISupportedInterfaceOrientations_iPhone = "UIInterfaceOrientationPortrait UIInterfaceOrientationLandscapeLeft UIInterfaceOrientationLandscapeRight";
				IPHONEOS_DEPLOYMENT_TARGET = 16.1;
				LD_RUNPATH_SEARCH_PATHS = (
					"$(inherited)",
					"@executable_path/Frameworks",
				);
				MARKETING_VERSION = 1.0;
				PRODUCT_BUNDLE_IDENTIFIER = com.jjunbbang.LuminaView;
				PRODUCT_NAME = "$(TARGET_NAME)";
				SUPPORTED_PLATFORMS = "iphoneos iphonesimulator";
				SUPPORTS_MACCATALYST = NO;
				SUPPORTS_MAC_DESIGNED_FOR_IPHONE_IPAD = NO;
				SUPPORTS_XR_DESIGNED_FOR_IPHONE_IPAD = NO;
				SWIFT_EMIT_LOC_STRINGS = YES;
				SWIFT_VERSION = 5.0;
				TARGETED_DEVICE_FAMILY = 1;
			};
			name = Release;
		};
/* End XCBuildConfiguration section */

/* Begin XCConfigurationList section */
		3BBFE8922C3D0DCF00193B70 /* Build configuration list for PBXProject "LuminaView" */ = {
			isa = XCConfigurationList;
			buildConfigurations = (
				3BBFE8A92C3D0DD200193B70 /* Debug */,
				3BBFE8AA2C3D0DD200193B70 /* Release */,
			);
			defaultConfigurationIsVisible = 0;
			defaultConfigurationName = Release;
		};
		3BBFE8AB2C3D0DD200193B70 /* Build configuration list for PBXNativeTarget "LuminaView" */ = {
			isa = XCConfigurationList;
			buildConfigurations = (
				3BBFE8AC2C3D0DD200193B70 /* Debug */,
				3BBFE8AD2C3D0DD200193B70 /* Release */,
			);
			defaultConfigurationIsVisible = 0;
			defaultConfigurationName = Release;
		};
/* End XCConfigurationList section */

/* Begin XCRemoteSwiftPackageReference section */
		3B4A726E2C3D4CE2003B17F5 /* XCRemoteSwiftPackageReference "generative-ai-swift" */ = {
			isa = XCRemoteSwiftPackageReference;
			repositoryURL = "https://github.com/google/generative-ai-swift";
			requirement = {
				kind = upToNextMajorVersion;
				minimumVersion = 0.5.4;
			};
		};
		3B4A72722C3D54A6003B17F5 /* XCRemoteSwiftPackageReference "RxSwift" */ = {
			isa = XCRemoteSwiftPackageReference;
			repositoryURL = "https://github.com/ReactiveX/RxSwift.git";
			requirement = {
				kind = upToNextMajorVersion;
				minimumVersion = 6.7.1;
			};
		};
/* End XCRemoteSwiftPackageReference section */

/* Begin XCSwiftPackageProductDependency section */
		3B4A726F2C3D4CE2003B17F5 /* GoogleGenerativeAI */ = {
			isa = XCSwiftPackageProductDependency;
			package = 3B4A726E2C3D4CE2003B17F5 /* XCRemoteSwiftPackageReference "generative-ai-swift" */;
			productName = GoogleGenerativeAI;
		};
		3B4A72732C3D54A6003B17F5 /* RxCocoa */ = {
			isa = XCSwiftPackageProductDependency;
			package = 3B4A72722C3D54A6003B17F5 /* XCRemoteSwiftPackageReference "RxSwift" */;
			productName = RxCocoa;
		};
		3B4A72752C3D54A6003B17F5 /* RxSwift */ = {
			isa = XCSwiftPackageProductDependency;
			package = 3B4A72722C3D54A6003B17F5 /* XCRemoteSwiftPackageReference "RxSwift" */;
			productName = RxSwift;
		};
/* End XCSwiftPackageProductDependency section */
	};
	rootObject = 3BBFE88F2C3D0DCF00193B70 /* Project object */;
}
